// !$*UTF8*$!
{
	archiveVersion = 1;
	classes = {
	};
	objectVersion = 50;
	objects = {

/* Begin PBXBuildFile section */
		49837013208F7ABE00D5F10D /* AppDelegate.swift in Sources */ = {isa = PBXBuildFile; fileRef = 49837012208F7ABE00D5F10D /* AppDelegate.swift */; };
		49837015208F7ABE00D5F10D /* ViewController.swift in Sources */ = {isa = PBXBuildFile; fileRef = 49837014208F7ABE00D5F10D /* ViewController.swift */; };
		49837018208F7ABE00D5F10D /* Main.storyboard in Resources */ = {isa = PBXBuildFile; fileRef = 49837016208F7ABE00D5F10D /* Main.storyboard */; };
		4983701A208F7AC000D5F10D /* Assets.xcassets in Resources */ = {isa = PBXBuildFile; fileRef = 49837019208F7AC000D5F10D /* Assets.xcassets */; };
		4983701D208F7AC000D5F10D /* LaunchScreen.storyboard in Resources */ = {isa = PBXBuildFile; fileRef = 4983701B208F7AC000D5F10D /* LaunchScreen.storyboard */; };
		49837028208F7AC000D5F10D /* Music_BookTests.swift in Sources */ = {isa = PBXBuildFile; fileRef = 49837027208F7AC000D5F10D /* Music_BookTests.swift */; };
		49837033208F7AC000D5F10D /* Music_BookUITests.swift in Sources */ = {isa = PBXBuildFile; fileRef = 49837032208F7AC000D5F10D /* Music_BookUITests.swift */; };
/* End PBXBuildFile section */

/* Begin PBXContainerItemProxy section */
		49837024208F7AC000D5F10D /* PBXContainerItemProxy */ = {
			isa = PBXContainerItemProxy;
			containerPortal = 49837007208F7ABE00D5F10D /* Project object */;
			proxyType = 1;
			remoteGlobalIDString = 4983700E208F7ABE00D5F10D;
			remoteInfo = "Music Book";
		};
		4983702F208F7AC000D5F10D /* PBXContainerItemProxy */ = {
			isa = PBXContainerItemProxy;
			containerPortal = 49837007208F7ABE00D5F10D /* Project object */;
			proxyType = 1;
			remoteGlobalIDString = 4983700E208F7ABE00D5F10D;
			remoteInfo = "Music Book";
		};
/* End PBXContainerItemProxy section */

/* Begin PBXFileReference section */
		4983700F208F7ABE00D5F10D /* Music Book.app */ = {isa = PBXFileReference; explicitFileType = wrapper.application; includeInIndex = 0; path = "Music Book.app"; sourceTree = BUILT_PRODUCTS_DIR; };
		49837012208F7ABE00D5F10D /* AppDelegate.swift */ = {isa = PBXFileReference; lastKnownFileType = sourcecode.swift; path = AppDelegate.swift; sourceTree = "<group>"; };
		49837014208F7ABE00D5F10D /* ViewController.swift */ = {isa = PBXFileReference; lastKnownFileType = sourcecode.swift; path = ViewController.swift; sourceTree = "<group>"; };
		49837017208F7ABE00D5F10D /* Base */ = {isa = PBXFileReference; lastKnownFileType = file.storyboard; name = Base; path = Base.lproj/Main.storyboard; sourceTree = "<group>"; };
		49837019208F7AC000D5F10D /* Assets.xcassets */ = {isa = PBXFileReference; lastKnownFileType = folder.assetcatalog; path = Assets.xcassets; sourceTree = "<group>"; };
		4983701C208F7AC000D5F10D /* Base */ = {isa = PBXFileReference; lastKnownFileType = file.storyboard; name = Base; path = Base.lproj/LaunchScreen.storyboard; sourceTree = "<group>"; };
		4983701E208F7AC000D5F10D /* Info.plist */ = {isa = PBXFileReference; lastKnownFileType = text.plist.xml; path = Info.plist; sourceTree = "<group>"; };
		49837023208F7AC000D5F10D /* Music BookTests.xctest */ = {isa = PBXFileReference; explicitFileType = wrapper.cfbundle; includeInIndex = 0; path = "Music BookTests.xctest"; sourceTree = BUILT_PRODUCTS_DIR; };
		49837027208F7AC000D5F10D /* Music_BookTests.swift */ = {isa = PBXFileReference; lastKnownFileType = sourcecode.swift; path = Music_BookTests.swift; sourceTree = "<group>"; };
		49837029208F7AC000D5F10D /* Info.plist */ = {isa = PBXFileReference; lastKnownFileType = text.plist.xml; path = Info.plist; sourceTree = "<group>"; };
		4983702E208F7AC000D5F10D /* Music BookUITests.xctest */ = {isa = PBXFileReference; explicitFileType = wrapper.cfbundle; includeInIndex = 0; path = "Music BookUITests.xctest"; sourceTree = BUILT_PRODUCTS_DIR; };
		49837032208F7AC000D5F10D /* Music_BookUITests.swift */ = {isa = PBXFileReference; lastKnownFileType = sourcecode.swift; path = Music_BookUITests.swift; sourceTree = "<group>"; };
		49837034208F7AC000D5F10D /* Info.plist */ = {isa = PBXFileReference; lastKnownFileType = text.plist.xml; path = Info.plist; sourceTree = "<group>"; };
/* End PBXFileReference section */

/* Begin PBXFrameworksBuildPhase section */
		4983700C208F7ABE00D5F10D /* Frameworks */ = {
			isa = PBXFrameworksBuildPhase;
			buildActionMask = 2147483647;
			files = (
			);
			runOnlyForDeploymentPostprocessing = 0;
		};
		49837020208F7AC000D5F10D /* Frameworks */ = {
			isa = PBXFrameworksBuildPhase;
			buildActionMask = 2147483647;
			files = (
			);
			runOnlyForDeploymentPostprocessing = 0;
		};
		4983702B208F7AC000D5F10D /* Frameworks */ = {
			isa = PBXFrameworksBuildPhase;
			buildActionMask = 2147483647;
			files = (
			);
			runOnlyForDeploymentPostprocessing = 0;
		};
/* End PBXFrameworksBuildPhase section */

/* Begin PBXGroup section */
		49837006208F7ABE00D5F10D = {
			isa = PBXGroup;
			children = (
				49837011208F7ABE00D5F10D /* Music Book */,
				49837026208F7AC000D5F10D /* Music BookTests */,
				49837031208F7AC000D5F10D /* Music BookUITests */,
				49837010208F7ABE00D5F10D /* Products */,
			);
			sourceTree = "<group>";
		};
		49837010208F7ABE00D5F10D /* Products */ = {
			isa = PBXGroup;
			children = (
				4983700F208F7ABE00D5F10D /* Music Book.app */,
				49837023208F7AC000D5F10D /* Music BookTests.xctest */,
				4983702E208F7AC000D5F10D /* Music BookUITests.xctest */,
			);
			name = Products;
			sourceTree = "<group>";
		};
		49837011208F7ABE00D5F10D /* Music Book */ = {
			isa = PBXGroup;
			children = (
				49837012208F7ABE00D5F10D /* AppDelegate.swift */,
				49837014208F7ABE00D5F10D /* ViewController.swift */,
				49837016208F7ABE00D5F10D /* Main.storyboard */,
				49837019208F7AC000D5F10D /* Assets.xcassets */,
				4983701B208F7AC000D5F10D /* LaunchScreen.storyboard */,
				4983701E208F7AC000D5F10D /* Info.plist */,
			);
			path = "Music Book";
			sourceTree = "<group>";
		};
		49837026208F7AC000D5F10D /* Music BookTests */ = {
			isa = PBXGroup;
			children = (
				49837027208F7AC000D5F10D /* Music_BookTests.swift */,
				49837029208F7AC000D5F10D /* Info.plist */,
			);
			path = "Music BookTests";
			sourceTree = "<group>";
		};
		49837031208F7AC000D5F10D /* Music BookUITests */ = {
			isa = PBXGroup;
			children = (
				49837032208F7AC000D5F10D /* Music_BookUITests.swift */,
				49837034208F7AC000D5F10D /* Info.plist */,
			);
			path = "Music BookUITests";
			sourceTree = "<group>";
		};
/* End PBXGroup section */

/* Begin PBXNativeTarget section */
		4983700E208F7ABE00D5F10D /* Music Book */ = {
			isa = PBXNativeTarget;
			buildConfigurationList = 49837037208F7AC000D5F10D /* Build configuration list for PBXNativeTarget "Music Book" */;
			buildPhases = (
				4983700B208F7ABE00D5F10D /* Sources */,
				4983700C208F7ABE00D5F10D /* Frameworks */,
				4983700D208F7ABE00D5F10D /* Resources */,
			);
			buildRules = (
			);
			dependencies = (
			);
			name = "Music Book";
			productName = "Music Book";
			productReference = 4983700F208F7ABE00D5F10D /* Music Book.app */;
			productType = "com.apple.product-type.application";
		};
		49837022208F7AC000D5F10D /* Music BookTests */ = {
			isa = PBXNativeTarget;
			buildConfigurationList = 4983703A208F7AC000D5F10D /* Build configuration list for PBXNativeTarget "Music BookTests" */;
			buildPhases = (
				4983701F208F7AC000D5F10D /* Sources */,
				49837020208F7AC000D5F10D /* Frameworks */,
				49837021208F7AC000D5F10D /* Resources */,
			);
			buildRules = (
			);
			dependencies = (
				49837025208F7AC000D5F10D /* PBXTargetDependency */,
			);
			name = "Music BookTests";
			productName = "Music BookTests";
			productReference = 49837023208F7AC000D5F10D /* Music BookTests.xctest */;
			productType = "com.apple.product-type.bundle.unit-test";
		};
		4983702D208F7AC000D5F10D /* Music BookUITests */ = {
			isa = PBXNativeTarget;
			buildConfigurationList = 4983703D208F7AC000D5F10D /* Build configuration list for PBXNativeTarget "Music BookUITests" */;
			buildPhases = (
				4983702A208F7AC000D5F10D /* Sources */,
				4983702B208F7AC000D5F10D /* Frameworks */,
				4983702C208F7AC000D5F10D /* Resources */,
			);
			buildRules = (
			);
			dependencies = (
				49837030208F7AC000D5F10D /* PBXTargetDependency */,
			);
			name = "Music BookUITests";
			productName = "Music BookUITests";
			productReference = 4983702E208F7AC000D5F10D /* Music BookUITests.xctest */;
			productType = "com.apple.product-type.bundle.ui-testing";
		};
/* End PBXNativeTarget section */

/* Begin PBXProject section */
		49837007208F7ABE00D5F10D /* Project object */ = {
			isa = PBXProject;
			attributes = {
				LastSwiftUpdateCheck = 0930;
				LastUpgradeCheck = 0930;
				ORGANIZATIONNAME = Sergio;
				TargetAttributes = {
					4983700E208F7ABE00D5F10D = {
						CreatedOnToolsVersion = 9.3;
					};
					49837022208F7AC000D5F10D = {
						CreatedOnToolsVersion = 9.3;
						TestTargetID = 4983700E208F7ABE00D5F10D;
					};
					4983702D208F7AC000D5F10D = {
						CreatedOnToolsVersion = 9.3;
						TestTargetID = 4983700E208F7ABE00D5F10D;
					};
				};
			};
			buildConfigurationList = 4983700A208F7ABE00D5F10D /* Build configuration list for PBXProject "Music Book" */;
			compatibilityVersion = "Xcode 9.3";
			developmentRegion = en;
			hasScannedForEncodings = 0;
			knownRegions = (
				en,
				Base,
			);
			mainGroup = 49837006208F7ABE00D5F10D;
			productRefGroup = 49837010208F7ABE00D5F10D /* Products */;
			projectDirPath = "";
			projectRoot = "";
			targets = (
				4983700E208F7ABE00D5F10D /* Music Book */,
				49837022208F7AC000D5F10D /* Music BookTests */,
				4983702D208F7AC000D5F10D /* Music BookUITests */,
			);
		};
/* End PBXProject section */

/* Begin PBXResourcesBuildPhase section */
		4983700D208F7ABE00D5F10D /* Resources */ = {
			isa = PBXResourcesBuildPhase;
			buildActionMask = 2147483647;
			files = (
				4983701D208F7AC000D5F10D /* LaunchScreen.storyboard in Resources */,
				4983701A208F7AC000D5F10D /* Assets.xcassets in Resources */,
				49837018208F7ABE00D5F10D /* Main.storyboard in Resources */,
			);
			runOnlyForDeploymentPostprocessing = 0;
		};
		49837021208F7AC000D5F10D /* Resources */ = {
			isa = PBXResourcesBuildPhase;
			buildActionMask = 2147483647;
			files = (
			);
			runOnlyForDeploymentPostprocessing = 0;
		};
		4983702C208F7AC000D5F10D /* Resources */ = {
			isa = PBXResourcesBuildPhase;
			buildActionMask = 2147483647;
			files = (
			);
			runOnlyForDeploymentPostprocessing = 0;
		};
/* End PBXResourcesBuildPhase section */

/* Begin PBXSourcesBuildPhase section */
		4983700B208F7ABE00D5F10D /* Sources */ = {
			isa = PBXSourcesBuildPhase;
			buildActionMask = 2147483647;
			files = (
				49837015208F7ABE00D5F10D /* ViewController.swift in Sources */,
				49837013208F7ABE00D5F10D /* AppDelegate.swift in Sources */,
			);
			runOnlyForDeploymentPostprocessing = 0;
		};
		4983701F208F7AC000D5F10D /* Sources */ = {
			isa = PBXSourcesBuildPhase;
			buildActionMask = 2147483647;
			files = (
				49837028208F7AC000D5F10D /* Music_BookTests.swift in Sources */,
			);
			runOnlyForDeploymentPostprocessing = 0;
		};
		4983702A208F7AC000D5F10D /* Sources */ = {
			isa = PBXSourcesBuildPhase;
			buildActionMask = 2147483647;
			files = (
				49837033208F7AC000D5F10D /* Music_BookUITests.swift in Sources */,
			);
			runOnlyForDeploymentPostprocessing = 0;
		};
/* End PBXSourcesBuildPhase section */

/* Begin PBXTargetDependency section */
		49837025208F7AC000D5F10D /* PBXTargetDependency */ = {
			isa = PBXTargetDependency;
			target = 4983700E208F7ABE00D5F10D /* Music Book */;
			targetProxy = 49837024208F7AC000D5F10D /* PBXContainerItemProxy */;
		};
		49837030208F7AC000D5F10D /* PBXTargetDependency */ = {
			isa = PBXTargetDependency;
			target = 4983700E208F7ABE00D5F10D /* Music Book */;
			targetProxy = 4983702F208F7AC000D5F10D /* PBXContainerItemProxy */;
		};
/* End PBXTargetDependency section */

/* Begin PBXVariantGroup section */
		49837016208F7ABE00D5F10D /* Main.storyboard */ = {
			isa = PBXVariantGroup;
			children = (
				49837017208F7ABE00D5F10D /* Base */,
			);
			name = Main.storyboard;
			sourceTree = "<group>";
		};
		4983701B208F7AC000D5F10D /* LaunchScreen.storyboard */ = {
			isa = PBXVariantGroup;
			children = (
				4983701C208F7AC000D5F10D /* Base */,
			);
			name = LaunchScreen.storyboard;
			sourceTree = "<group>";
		};
/* End PBXVariantGroup section */

/* Begin XCBuildConfiguration section */
		49837035208F7AC000D5F10D /* Debug */ = {
			isa = XCBuildConfiguration;
			buildSettings = {
				ALWAYS_SEARCH_USER_PATHS = NO;
				CLANG_ANALYZER_NONNULL = YES;
				CLANG_ANALYZER_NUMBER_OBJECT_CONVERSION = YES_AGGRESSIVE;
				CLANG_CXX_LANGUAGE_STANDARD = "gnu++14";
				CLANG_CXX_LIBRARY = "libc++";
				CLANG_ENABLE_MODULES = YES;
				CLANG_ENABLE_OBJC_ARC = YES;
				CLANG_ENABLE_OBJC_WEAK = YES;
				CLANG_WARN_BLOCK_CAPTURE_AUTORELEASING = YES;
				CLANG_WARN_BOOL_CONVERSION = YES;
				CLANG_WARN_COMMA = YES;
				CLANG_WARN_CONSTANT_CONVERSION = YES;
				CLANG_WARN_DEPRECATED_OBJC_IMPLEMENTATIONS = YES;
				CLANG_WARN_DIRECT_OBJC_ISA_USAGE = YES_ERROR;
				CLANG_WARN_DOCUMENTATION_COMMENTS = YES;
				CLANG_WARN_EMPTY_BODY = YES;
				CLANG_WARN_ENUM_CONVERSION = YES;
				CLANG_WARN_INFINITE_RECURSION = YES;
				CLANG_WARN_INT_CONVERSION = YES;
				CLANG_WARN_NON_LITERAL_NULL_CONVERSION = YES;
				CLANG_WARN_OBJC_IMPLICIT_RETAIN_SELF = YES;
				CLANG_WARN_OBJC_LITERAL_CONVERSION = YES;
				CLANG_WARN_OBJC_ROOT_CLASS = YES_ERROR;
				CLANG_WARN_RANGE_LOOP_ANALYSIS = YES;
				CLANG_WARN_STRICT_PROTOTYPES = YES;
				CLANG_WARN_SUSPICIOUS_MOVE = YES;
				CLANG_WARN_UNGUARDED_AVAILABILITY = YES_AGGRESSIVE;
				CLANG_WARN_UNREACHABLE_CODE = YES;
				CLANG_WARN__DUPLICATE_METHOD_MATCH = YES;
				CODE_SIGN_IDENTITY = "iPhone Developer";
				COPY_PHASE_STRIP = NO;
				DEBUG_INFORMATION_FORMAT = dwarf;
				ENABLE_STRICT_OBJC_MSGSEND = YES;
				ENABLE_TESTABILITY = YES;
				GCC_C_LANGUAGE_STANDARD = gnu11;
				GCC_DYNAMIC_NO_PIC = NO;
				GCC_NO_COMMON_BLOCKS = YES;
				GCC_OPTIMIZATION_LEVEL = 0;
				GCC_PREPROCESSOR_DEFINITIONS = (
					"DEBUG=1",
					"$(inherited)",
				);
				GCC_WARN_64_TO_32_BIT_CONVERSION = YES;
				GCC_WARN_ABOUT_RETURN_TYPE = YES_ERROR;
				GCC_WARN_UNDECLARED_SELECTOR = YES;
				GCC_WARN_UNINITIALIZED_AUTOS = YES_AGGRESSIVE;
				GCC_WARN_UNUSED_FUNCTION = YES;
				GCC_WARN_UNUSED_VARIABLE = YES;
				IPHONEOS_DEPLOYMENT_TARGET = 11.3;
				MTL_ENABLE_DEBUG_INFO = YES;
				ONLY_ACTIVE_ARCH = YES;
				SDKROOT = iphoneos;
				SWIFT_ACTIVE_COMPILATION_CONDITIONS = DEBUG;
				SWIFT_OPTIMIZATION_LEVEL = "-Onone";
			};
			name = Debug;
		};
		49837036208F7AC000D5F10D /* Release */ = {
			isa = XCBuildConfiguration;
			buildSettings = {
				ALWAYS_SEARCH_USER_PATHS = NO;
				CLANG_ANALYZER_NONNULL = YES;
				CLANG_ANALYZER_NUMBER_OBJECT_CONVERSION = YES_AGGRESSIVE;
				CLANG_CXX_LANGUAGE_STANDARD = "gnu++14";
				CLANG_CXX_LIBRARY = "libc++";
				CLANG_ENABLE_MODULES = YES;
				CLANG_ENABLE_OBJC_ARC = YES;
				CLANG_ENABLE_OBJC_WEAK = YES;
				CLANG_WARN_BLOCK_CAPTURE_AUTORELEASING = YES;
				CLANG_WARN_BOOL_CONVERSION = YES;
				CLANG_WARN_COMMA = YES;
				CLANG_WARN_CONSTANT_CONVERSION = YES;
				CLANG_WARN_DEPRECATED_OBJC_IMPLEMENTATIONS = YES;
				CLANG_WARN_DIRECT_OBJC_ISA_USAGE = YES_ERROR;
				CLANG_WARN_DOCUMENTATION_COMMENTS = YES;
				CLANG_WARN_EMPTY_BODY = YES;
				CLANG_WARN_ENUM_CONVERSION = YES;
				CLANG_WARN_INFINITE_RECURSION = YES;
				CLANG_WARN_INT_CONVERSION = YES;
				CLANG_WARN_NON_LITERAL_NULL_CONVERSION = YES;
				CLANG_WARN_OBJC_IMPLICIT_RETAIN_SELF = YES;
				CLANG_WARN_OBJC_LITERAL_CONVERSION = YES;
				CLANG_WARN_OBJC_ROOT_CLASS = YES_ERROR;
				CLANG_WARN_RANGE_LOOP_ANALYSIS = YES;
				CLANG_WARN_STRICT_PROTOTYPES = YES;
				CLANG_WARN_SUSPICIOUS_MOVE = YES;
				CLANG_WARN_UNGUARDED_AVAILABILITY = YES_AGGRESSIVE;
				CLANG_WARN_UNREACHABLE_CODE = YES;
				CLANG_WARN__DUPLICATE_METHOD_MATCH = YES;
				CODE_SIGN_IDENTITY = "iPhone Developer";
				COPY_PHASE_STRIP = NO;
				DEBUG_INFORMATION_FORMAT = "dwarf-with-dsym";
				ENABLE_NS_ASSERTIONS = NO;
				ENABLE_STRICT_OBJC_MSGSEND = YES;
				GCC_C_LANGUAGE_STANDARD = gnu11;
				GCC_NO_COMMON_BLOCKS = YES;
				GCC_WARN_64_TO_32_BIT_CONVERSION = YES;
				GCC_WARN_ABOUT_RETURN_TYPE = YES_ERROR;
				GCC_WARN_UNDECLARED_SELECTOR = YES;
				GCC_WARN_UNINITIALIZED_AUTOS = YES_AGGRESSIVE;
				GCC_WARN_UNUSED_FUNCTION = YES;
				GCC_WARN_UNUSED_VARIABLE = YES;
				IPHONEOS_DEPLOYMENT_TARGET = 11.3;
				MTL_ENABLE_DEBUG_INFO = NO;
				SDKROOT = iphoneos;
				SWIFT_COMPILATION_MODE = wholemodule;
				SWIFT_OPTIMIZATION_LEVEL = "-O";
				VALIDATE_PRODUCT = YES;
			};
			name = Release;
		};
		49837038208F7AC000D5F10D /* Debug */ = {
			isa = XCBuildConfiguration;
			buildSettings = {
				ASSETCATALOG_COMPILER_APPICON_NAME = AppIcon;
				CODE_SIGN_STYLE = Automatic;
				DEVELOPMENT_TEAM = 869HSEDS8L;
				INFOPLIST_FILE = "Music Book/Info.plist";
				LD_RUNPATH_SEARCH_PATHS = (
					"$(inherited)",
					"@executable_path/Frameworks",
				);
				PRODUCT_BUNDLE_IDENTIFIER = "edu.onpu.Music-Book";
				PRODUCT_NAME = "$(TARGET_NAME)";
				SWIFT_VERSION = 4.0;
				TARGETED_DEVICE_FAMILY = "1,2";
			};
			name = Debug;
		};
		49837039208F7AC000D5F10D /* Release */ = {
			isa = XCBuildConfiguration;
			buildSettings = {
				ASSETCATALOG_COMPILER_APPICON_NAME = AppIcon;
				CODE_SIGN_STYLE = Automatic;
				DEVELOPMENT_TEAM = 869HSEDS8L;
				INFOPLIST_FILE = "Music Book/Info.plist";
				LD_RUNPATH_SEARCH_PATHS = (
					"$(inherited)",
					"@executable_path/Frameworks",
				);
				PRODUCT_BUNDLE_IDENTIFIER = "edu.onpu.Music-Book";
				PRODUCT_NAME = "$(TARGET_NAME)";
				SWIFT_VERSION = 4.0;
				TARGETED_DEVICE_FAMILY = "1,2";
			};
			name = Release;
		};
		4983703B208F7AC000D5F10D /* Debug */ = {
			isa = XCBuildConfiguration;
			buildSettings = {
				ALWAYS_EMBED_SWIFT_STANDARD_LIBRARIES = YES;
				BUNDLE_LOADER = "$(TEST_HOST)";
				CODE_SIGN_STYLE = Automatic;
				DEVELOPMENT_TEAM = 869HSEDS8L;
				INFOPLIST_FILE = "Music BookTests/Info.plist";
				LD_RUNPATH_SEARCH_PATHS = (
					"$(inherited)",
					"@executable_path/Frameworks",
					"@loader_path/Frameworks",
				);
				PRODUCT_BUNDLE_IDENTIFIER = "edu.onpu.Music-BookTests";
				PRODUCT_NAME = "$(TARGET_NAME)";
				SWIFT_VERSION = 4.0;
				TARGETED_DEVICE_FAMILY = "1,2";
				TEST_HOST = "$(BUILT_PRODUCTS_DIR)/Music Book.app/Music Book";
			};
			name = Debug;
		};
		4983703C208F7AC000D5F10D /* Release */ = {
			isa = XCBuildConfiguration;
			buildSettings = {
				ALWAYS_EMBED_SWIFT_STANDARD_LIBRARIES = YES;
				BUNDLE_LOADER = "$(TEST_HOST)";
				CODE_SIGN_STYLE = Automatic;
				DEVELOPMENT_TEAM = 869HSEDS8L;
				INFOPLIST_FILE = "Music BookTests/Info.plist";
				LD_RUNPATH_SEARCH_PATHS = (
					"$(inherited)",
					"@executable_path/Frameworks",
					"@loader_path/Frameworks",
				);
				PRODUCT_BUNDLE_IDENTIFIER = "edu.onpu.Music-BookTests";
				PRODUCT_NAME = "$(TARGET_NAME)";
				SWIFT_VERSION = 4.0;
				TARGETED_DEVICE_FAMILY = "1,2";
				TEST_HOST = "$(BUILT_PRODUCTS_DIR)/Music Book.app/Music Book";
			};
			name = Release;
		};
		4983703E208F7AC000D5F10D /* Debug */ = {
			isa = XCBuildConfiguration;
			buildSettings = {
				ALWAYS_EMBED_SWIFT_STANDARD_LIBRARIES = YES;
				CODE_SIGN_STYLE = Automatic;
				DEVELOPMENT_TEAM = 869HSEDS8L;
				INFOPLIST_FILE = "Music BookUITests/Info.plist";
				LD_RUNPATH_SEARCH_PATHS = (
					"$(inherited)",
					"@executable_path/Frameworks",
					"@loader_path/Frameworks",
				);
				PRODUCT_BUNDLE_IDENTIFIER = "edu.onpu.Music-BookUITests";
				PRODUCT_NAME = "$(TARGET_NAME)";
				SWIFT_VERSION = 4.0;
				TARGETED_DEVICE_FAMILY = "1,2";
				TEST_TARGET_NAME = "Music Book";
			};
			name = Debug;
		};
		4983703F208F7AC000D5F10D /* Release */ = {
			isa = XCBuildConfiguration;
			buildSettings = {
				ALWAYS_EMBED_SWIFT_STANDARD_LIBRARIES = YES;
				CODE_SIGN_STYLE = Automatic;
				DEVELOPMENT_TEAM = 869HSEDS8L;
				INFOPLIST_FILE = "Music BookUITests/Info.plist";
				LD_RUNPATH_SEARCH_PATHS = (
					"$(inherited)",
					"@executable_path/Frameworks",
					"@loader_path/Frameworks",
				);
				PRODUCT_BUNDLE_IDENTIFIER = "edu.onpu.Music-BookUITests";
				PRODUCT_NAME = "$(TARGET_NAME)";
				SWIFT_VERSION = 4.0;
				TARGETED_DEVICE_FAMILY = "1,2";
				TEST_TARGET_NAME = "Music Book";
			};
			name = Release;
		};
/* End XCBuildConfiguration section */

/* Begin XCConfigurationList section */
		4983700A208F7ABE00D5F10D /* Build configuration list for PBXProject "Music Book" */ = {
			isa = XCConfigurationList;
			buildConfigurations = (
				49837035208F7AC000D5F10D /* Debug */,
				49837036208F7AC000D5F10D /* Release */,
			);
			defaultConfigurationIsVisible = 0;
			defaultConfigurationName = Release;
		};
		49837037208F7AC000D5F10D /* Build configuration list for PBXNativeTarget "Music Book" */ = {
			isa = XCConfigurationList;
			buildConfigurations = (
				49837038208F7AC000D5F10D /* Debug */,
				49837039208F7AC000D5F10D /* Release */,
			);
			defaultConfigurationIsVisible = 0;
			defaultConfigurationName = Release;
		};
		4983703A208F7AC000D5F10D /* Build configuration list for PBXNativeTarget "Music BookTests" */ = {
			isa = XCConfigurationList;
			buildConfigurations = (
				4983703B208F7AC000D5F10D /* Debug */,
				4983703C208F7AC000D5F10D /* Release */,
			);
			defaultConfigurationIsVisible = 0;
			defaultConfigurationName = Release;
		};
		4983703D208F7AC000D5F10D /* Build configuration list for PBXNativeTarget "Music BookUITests" */ = {
			isa = XCConfigurationList;
			buildConfigurations = (
				4983703E208F7AC000D5F10D /* Debug */,
				4983703F208F7AC000D5F10D /* Release */,
			);
			defaultConfigurationIsVisible = 0;
			defaultConfigurationName = Release;
		};
/* End XCConfigurationList section */
	};
	rootObject = 49837007208F7ABE00D5F10D /* Project object */;
}
